// !$*UTF8*$!
{
	archiveVersion = 1;
	classes = {
	};
	objectVersion = 46;
	objects = {

/* Begin PBXBuildFile section */
		716A9723160B6BE70019B3E0 /* UIKit.framework in Frameworks */ = {isa = PBXBuildFile; fileRef = 71945BC4150F7D2D00F4A407 /* UIKit.framework */; };
		716A9724160B6BE70019B3E0 /* Foundation.framework in Frameworks */ = {isa = PBXBuildFile; fileRef = 71945BB4150F7D2D00F4A407 /* Foundation.framework */; };
		716A9725160B6BE70019B3E0 /* CoreGraphics.framework in Frameworks */ = {isa = PBXBuildFile; fileRef = 71945BE3150F7D6000F4A407 /* CoreGraphics.framework */; };
		716A972B160B6BE70019B3E0 /* InfoPlist.strings in Resources */ = {isa = PBXBuildFile; fileRef = 716A9729160B6BE70019B3E0 /* InfoPlist.strings */; };
		716A972D160B6BE70019B3E0 /* main.m in Sources */ = {isa = PBXBuildFile; fileRef = 716A972C160B6BE70019B3E0 /* main.m */; };
		716A9731160B6BE70019B3E0 /* AppDelegate.m in Sources */ = {isa = PBXBuildFile; fileRef = 716A9730160B6BE70019B3E0 /* AppDelegate.m */; };
		716A9738160B6BE70019B3E0 /* SenTestingKit.framework in Frameworks */ = {isa = PBXBuildFile; fileRef = 71945BC2150F7D2D00F4A407 /* SenTestingKit.framework */; };
		716A9739160B6BE70019B3E0 /* UIKit.framework in Frameworks */ = {isa = PBXBuildFile; fileRef = 71945BC4150F7D2D00F4A407 /* UIKit.framework */; };
		716A973A160B6BE70019B3E0 /* Foundation.framework in Frameworks */ = {isa = PBXBuildFile; fileRef = 71945BB4150F7D2D00F4A407 /* Foundation.framework */; };
		716A9742160B6BE70019B3E0 /* InfoPlist.strings in Resources */ = {isa = PBXBuildFile; fileRef = 716A9740160B6BE70019B3E0 /* InfoPlist.strings */; };
		716A9745160B6BE70019B3E0 /* JFOperationClientTests.m in Sources */ = {isa = PBXBuildFile; fileRef = 716A9744160B6BE70019B3E0 /* JFOperationClientTests.m */; };
		716A974C160B6C030019B3E0 /* JFOperation.m in Sources */ = {isa = PBXBuildFile; fileRef = 71945BBA150F7D2D00F4A407 /* JFOperation.m */; };
		7173DCC4160A2A5A003F6923 /* SenTestingKit.framework in Frameworks */ = {isa = PBXBuildFile; fileRef = 71945BC2150F7D2D00F4A407 /* SenTestingKit.framework */; };
		7173DCC5160A2A5A003F6923 /* UIKit.framework in Frameworks */ = {isa = PBXBuildFile; fileRef = 71945BC4150F7D2D00F4A407 /* UIKit.framework */; };
		7173DCC6160A2A5A003F6923 /* Foundation.framework in Frameworks */ = {isa = PBXBuildFile; fileRef = 71945BB4150F7D2D00F4A407 /* Foundation.framework */; };
		7173DCCC160A2A5A003F6923 /* InfoPlist.strings in Resources */ = {isa = PBXBuildFile; fileRef = 7173DCCA160A2A5A003F6923 /* InfoPlist.strings */; };
		7173DCD6160A2AD8003F6923 /* JFOperationSpecs.m in Sources */ = {isa = PBXBuildFile; fileRef = 7173DCD4160A2AC8003F6923 /* JFOperationSpecs.m */; };
		7173DCD8160A2B84003F6923 /* libKiwi.a in Frameworks */ = {isa = PBXBuildFile; fileRef = 7173DCD7160A2B84003F6923 /* libKiwi.a */; };
		7173DCD9160A2DF3003F6923 /* JFTestOperation.m in Sources */ = {isa = PBXBuildFile; fileRef = 712747FA15FFA396009CC140 /* JFTestOperation.m */; };
		7173DCDA160A2DFE003F6923 /* JFOperation.m in Sources */ = {isa = PBXBuildFile; fileRef = 71945BBA150F7D2D00F4A407 /* JFOperation.m */; };
		71945BB5150F7D2D00F4A407 /* Foundation.framework in Frameworks */ = {isa = PBXBuildFile; fileRef = 71945BB4150F7D2D00F4A407 /* Foundation.framework */; };
		71945BBB150F7D2D00F4A407 /* JFOperation.m in Sources */ = {isa = PBXBuildFile; fileRef = 71945BBA150F7D2D00F4A407 /* JFOperation.m */; };
/* End PBXBuildFile section */

/* Begin PBXContainerItemProxy section */
		716A973B160B6BE70019B3E0 /* PBXContainerItemProxy */ = {
			isa = PBXContainerItemProxy;
			containerPortal = 71945BA8150F7D2D00F4A407 /* Project object */;
			proxyType = 1;
			remoteGlobalIDString = 716A9720160B6BE70019B3E0;
			remoteInfo = JFOperationClient;
		};
/* End PBXContainerItemProxy section */

/* Begin PBXFileReference section */
		712747F915FFA396009CC140 /* JFTestOperation.h */ = {isa = PBXFileReference; fileEncoding = 4; lastKnownFileType = sourcecode.c.h; name = JFTestOperation.h; path = ../JFOperationTests/JFTestOperation.h; sourceTree = "<group>"; };
		712747FA15FFA396009CC140 /* JFTestOperation.m */ = {isa = PBXFileReference; fileEncoding = 4; lastKnownFileType = sourcecode.c.objc; name = JFTestOperation.m; path = ../JFOperationTests/JFTestOperation.m; sourceTree = "<group>"; };
		716A9721160B6BE70019B3E0 /* JFOperationClient.app */ = {isa = PBXFileReference; explicitFileType = wrapper.application; includeInIndex = 0; path = JFOperationClient.app; sourceTree = BUILT_PRODUCTS_DIR; };
		716A9728160B6BE70019B3E0 /* JFOperationClient-Info.plist */ = {isa = PBXFileReference; lastKnownFileType = text.plist.xml; path = "JFOperationClient-Info.plist"; sourceTree = "<group>"; };
		716A972A160B6BE70019B3E0 /* en */ = {isa = PBXFileReference; lastKnownFileType = text.plist.strings; name = en; path = en.lproj/InfoPlist.strings; sourceTree = "<group>"; };
		716A972C160B6BE70019B3E0 /* main.m */ = {isa = PBXFileReference; lastKnownFileType = sourcecode.c.objc; path = main.m; sourceTree = "<group>"; };
		716A972E160B6BE70019B3E0 /* JFOperationClient-Prefix.pch */ = {isa = PBXFileReference; lastKnownFileType = sourcecode.c.h; path = "JFOperationClient-Prefix.pch"; sourceTree = "<group>"; };
		716A972F160B6BE70019B3E0 /* AppDelegate.h */ = {isa = PBXFileReference; lastKnownFileType = sourcecode.c.h; path = AppDelegate.h; sourceTree = "<group>"; };
		716A9730160B6BE70019B3E0 /* AppDelegate.m */ = {isa = PBXFileReference; lastKnownFileType = sourcecode.c.objc; path = AppDelegate.m; sourceTree = "<group>"; };
		716A9737160B6BE70019B3E0 /* JFOperationClientTests.octest */ = {isa = PBXFileReference; explicitFileType = wrapper.cfbundle; includeInIndex = 0; path = JFOperationClientTests.octest; sourceTree = BUILT_PRODUCTS_DIR; };
		716A973F160B6BE70019B3E0 /* JFOperationClientTests-Info.plist */ = {isa = PBXFileReference; lastKnownFileType = text.plist.xml; path = "JFOperationClientTests-Info.plist"; sourceTree = "<group>"; };
		716A9741160B6BE70019B3E0 /* en */ = {isa = PBXFileReference; lastKnownFileType = text.plist.strings; name = en; path = en.lproj/InfoPlist.strings; sourceTree = "<group>"; };
		716A9743160B6BE70019B3E0 /* JFOperationClientTests.h */ = {isa = PBXFileReference; lastKnownFileType = sourcecode.c.h; path = JFOperationClientTests.h; sourceTree = "<group>"; };
		716A9744160B6BE70019B3E0 /* JFOperationClientTests.m */ = {isa = PBXFileReference; lastKnownFileType = sourcecode.c.objc; path = JFOperationClientTests.m; sourceTree = "<group>"; };
		7173DCC3160A2A5A003F6923 /* JFOperationSpecs.octest */ = {isa = PBXFileReference; explicitFileType = wrapper.cfbundle; includeInIndex = 0; path = JFOperationSpecs.octest; sourceTree = BUILT_PRODUCTS_DIR; };
		7173DCC9160A2A5A003F6923 /* JFOperationSpecs-Info.plist */ = {isa = PBXFileReference; lastKnownFileType = text.plist.xml; path = "JFOperationSpecs-Info.plist"; sourceTree = "<group>"; };
		7173DCCB160A2A5A003F6923 /* en */ = {isa = PBXFileReference; lastKnownFileType = text.plist.strings; name = en; path = en.lproj/InfoPlist.strings; sourceTree = "<group>"; };
		7173DCD0160A2A5A003F6923 /* JFOperationSpecs-Prefix.pch */ = {isa = PBXFileReference; lastKnownFileType = sourcecode.c.h; path = "JFOperationSpecs-Prefix.pch"; sourceTree = "<group>"; };
		7173DCD4160A2AC8003F6923 /* JFOperationSpecs.m */ = {isa = PBXFileReference; fileEncoding = 4; lastKnownFileType = sourcecode.c.objc; name = JFOperationSpecs.m; path = ../JFOperationTests/JFOperationSpecs.m; sourceTree = "<group>"; };
		7173DCD7160A2B84003F6923 /* libKiwi.a */ = {isa = PBXFileReference; lastKnownFileType = archive.ar; name = libKiwi.a; path = "Frameworks/Kiwi/build/Release-iphoneos/libKiwi.a"; sourceTree = "<group>"; };
		71945BB1150F7D2D00F4A407 /* libJFOperation.a */ = {isa = PBXFileReference; explicitFileType = archive.ar; includeInIndex = 0; path = libJFOperation.a; sourceTree = BUILT_PRODUCTS_DIR; };
		71945BB4150F7D2D00F4A407 /* Foundation.framework */ = {isa = PBXFileReference; includeInIndex = 1; lastKnownFileType = wrapper.framework; name = Foundation.framework; path = System/Library/Frameworks/Foundation.framework; sourceTree = SDKROOT; };
		71945BB8150F7D2D00F4A407 /* JFOperation-Prefix.pch */ = {isa = PBXFileReference; lastKnownFileType = sourcecode.c.h; path = "JFOperation-Prefix.pch"; sourceTree = "<group>"; };
		71945BB9150F7D2D00F4A407 /* JFOperation.h */ = {isa = PBXFileReference; lastKnownFileType = sourcecode.c.h; lineEnding = 0; path = JFOperation.h; sourceTree = "<group>"; xcLanguageSpecificationIdentifier = xcode.lang.objcpp; };
		71945BBA150F7D2D00F4A407 /* JFOperation.m */ = {isa = PBXFileReference; lastKnownFileType = sourcecode.c.objc; lineEnding = 0; path = JFOperation.m; sourceTree = "<group>"; xcLanguageSpecificationIdentifier = xcode.lang.objc; };
		71945BC2150F7D2D00F4A407 /* SenTestingKit.framework */ = {isa = PBXFileReference; includeInIndex = 1; lastKnownFileType = wrapper.framework; name = SenTestingKit.framework; path = Library/Frameworks/SenTestingKit.framework; sourceTree = DEVELOPER_DIR; };
		71945BC4150F7D2D00F4A407 /* UIKit.framework */ = {isa = PBXFileReference; includeInIndex = 1; lastKnownFileType = wrapper.framework; name = UIKit.framework; path = Library/Frameworks/UIKit.framework; sourceTree = DEVELOPER_DIR; };
		71945BE3150F7D6000F4A407 /* CoreGraphics.framework */ = {isa = PBXFileReference; lastKnownFileType = wrapper.framework; name = CoreGraphics.framework; path = System/Library/Frameworks/CoreGraphics.framework; sourceTree = SDKROOT; };
		8F5F4D28F6704C3E97297490 /* libPods-KiwiUnitTest.a */ = {isa = PBXFileReference; explicitFileType = archive.ar; includeInIndex = 0; path = "libPods-KiwiUnitTest.a"; sourceTree = BUILT_PRODUCTS_DIR; };
/* End PBXFileReference section */

/* Begin PBXFrameworksBuildPhase section */
		716A971E160B6BE70019B3E0 /* Frameworks */ = {
			isa = PBXFrameworksBuildPhase;
			buildActionMask = 2147483647;
			files = (
				716A9723160B6BE70019B3E0 /* UIKit.framework in Frameworks */,
				716A9724160B6BE70019B3E0 /* Foundation.framework in Frameworks */,
				716A9725160B6BE70019B3E0 /* CoreGraphics.framework in Frameworks */,
			);
			runOnlyForDeploymentPostprocessing = 0;
		};
		716A9733160B6BE70019B3E0 /* Frameworks */ = {
			isa = PBXFrameworksBuildPhase;
			buildActionMask = 2147483647;
			files = (
				716A9738160B6BE70019B3E0 /* SenTestingKit.framework in Frameworks */,
				716A9739160B6BE70019B3E0 /* UIKit.framework in Frameworks */,
				716A973A160B6BE70019B3E0 /* Foundation.framework in Frameworks */,
			);
			runOnlyForDeploymentPostprocessing = 0;
		};
		7173DCBF160A2A5A003F6923 /* Frameworks */ = {
			isa = PBXFrameworksBuildPhase;
			buildActionMask = 2147483647;
			files = (
				7173DCD8160A2B84003F6923 /* libKiwi.a in Frameworks */,
				7173DCC4160A2A5A003F6923 /* SenTestingKit.framework in Frameworks */,
				7173DCC5160A2A5A003F6923 /* UIKit.framework in Frameworks */,
				7173DCC6160A2A5A003F6923 /* Foundation.framework in Frameworks */,
			);
			runOnlyForDeploymentPostprocessing = 0;
		};
		71945BAE150F7D2D00F4A407 /* Frameworks */ = {
			isa = PBXFrameworksBuildPhase;
			buildActionMask = 2147483647;
			files = (
				71945BB5150F7D2D00F4A407 /* Foundation.framework in Frameworks */,
			);
			runOnlyForDeploymentPostprocessing = 0;
		};
/* End PBXFrameworksBuildPhase section */

/* Begin PBXGroup section */
		716A9726160B6BE70019B3E0 /* JFOperationClient */ = {
			isa = PBXGroup;
			children = (
				716A972F160B6BE70019B3E0 /* AppDelegate.h */,
				716A9730160B6BE70019B3E0 /* AppDelegate.m */,
				716A9727160B6BE70019B3E0 /* Supporting Files */,
			);
			path = JFOperationClient;
			sourceTree = "<group>";
		};
		716A9727160B6BE70019B3E0 /* Supporting Files */ = {
			isa = PBXGroup;
			children = (
				716A9728160B6BE70019B3E0 /* JFOperationClient-Info.plist */,
				716A9729160B6BE70019B3E0 /* InfoPlist.strings */,
				716A972C160B6BE70019B3E0 /* main.m */,
				716A972E160B6BE70019B3E0 /* JFOperationClient-Prefix.pch */,
			);
			name = "Supporting Files";
			sourceTree = "<group>";
		};
		716A973D160B6BE70019B3E0 /* JFOperationClientTests */ = {
			isa = PBXGroup;
			children = (
				716A9743160B6BE70019B3E0 /* JFOperationClientTests.h */,
				716A9744160B6BE70019B3E0 /* JFOperationClientTests.m */,
				716A973E160B6BE70019B3E0 /* Supporting Files */,
			);
			path = JFOperationClientTests;
			sourceTree = "<group>";
		};
		716A973E160B6BE70019B3E0 /* Supporting Files */ = {
			isa = PBXGroup;
			children = (
				716A973F160B6BE70019B3E0 /* JFOperationClientTests-Info.plist */,
				716A9740160B6BE70019B3E0 /* InfoPlist.strings */,
			);
			name = "Supporting Files";
			sourceTree = "<group>";
		};
		7173DCC7160A2A5A003F6923 /* JFOperationSpecs */ = {
			isa = PBXGroup;
			children = (
				7173DCDB160A2F5C003F6923 /* Mocks */,
				7173DCD4160A2AC8003F6923 /* JFOperationSpecs.m */,
				7173DCC8160A2A5A003F6923 /* Supporting Files */,
			);
			path = JFOperationSpecs;
			sourceTree = "<group>";
		};
		7173DCC8160A2A5A003F6923 /* Supporting Files */ = {
			isa = PBXGroup;
			children = (
				7173DCC9160A2A5A003F6923 /* JFOperationSpecs-Info.plist */,
				7173DCCA160A2A5A003F6923 /* InfoPlist.strings */,
				7173DCD0160A2A5A003F6923 /* JFOperationSpecs-Prefix.pch */,
			);
			name = "Supporting Files";
			sourceTree = "<group>";
		};
		7173DCDB160A2F5C003F6923 /* Mocks */ = {
			isa = PBXGroup;
			children = (
				712747F915FFA396009CC140 /* JFTestOperation.h */,
				712747FA15FFA396009CC140 /* JFTestOperation.m */,
			);
			name = Mocks;
			sourceTree = "<group>";
		};
		71945BA6150F7D2D00F4A407 = {
			isa = PBXGroup;
			children = (
				71945BB6150F7D2D00F4A407 /* JFOperation */,
				7173DCC7160A2A5A003F6923 /* JFOperationSpecs */,
				716A9726160B6BE70019B3E0 /* JFOperationClient */,
				716A973D160B6BE70019B3E0 /* JFOperationClientTests */,
				71945BB3150F7D2D00F4A407 /* Frameworks */,
				71945BB2150F7D2D00F4A407 /* Products */,
			);
			sourceTree = "<group>";
		};
		71945BB2150F7D2D00F4A407 /* Products */ = {
			isa = PBXGroup;
			children = (
				71945BB1150F7D2D00F4A407 /* libJFOperation.a */,
				7173DCC3160A2A5A003F6923 /* JFOperationSpecs.octest */,
				716A9721160B6BE70019B3E0 /* JFOperationClient.app */,
				716A9737160B6BE70019B3E0 /* JFOperationClientTests.octest */,
			);
			name = Products;
			sourceTree = "<group>";
		};
		71945BB3150F7D2D00F4A407 /* Frameworks */ = {
			isa = PBXGroup;
			children = (
				7173DCD7160A2B84003F6923 /* libKiwi.a */,
				71945BB4150F7D2D00F4A407 /* Foundation.framework */,
				71945BC2150F7D2D00F4A407 /* SenTestingKit.framework */,
				71945BC4150F7D2D00F4A407 /* UIKit.framework */,
				71945BE3150F7D6000F4A407 /* CoreGraphics.framework */,
				8F5F4D28F6704C3E97297490 /* libPods-KiwiUnitTest.a */,
			);
			name = Frameworks;
			sourceTree = "<group>";
		};
		71945BB6150F7D2D00F4A407 /* JFOperation */ = {
			isa = PBXGroup;
			children = (
				71945BB9150F7D2D00F4A407 /* JFOperation.h */,
				71945BBA150F7D2D00F4A407 /* JFOperation.m */,
				71945BB7150F7D2D00F4A407 /* Supporting Files */,
			);
			path = JFOperation;
			sourceTree = "<group>";
		};
		71945BB7150F7D2D00F4A407 /* Supporting Files */ = {
			isa = PBXGroup;
			children = (
				71945BB8150F7D2D00F4A407 /* JFOperation-Prefix.pch */,
			);
			name = "Supporting Files";
			sourceTree = "<group>";
		};
/* End PBXGroup section */

/* Begin PBXHeadersBuildPhase section */
		71945BAF150F7D2D00F4A407 /* Headers */ = {
			isa = PBXHeadersBuildPhase;
			buildActionMask = 2147483647;
			files = (
			);
			runOnlyForDeploymentPostprocessing = 0;
		};
/* End PBXHeadersBuildPhase section */

/* Begin PBXNativeTarget section */
		716A9720160B6BE70019B3E0 /* JFOperationClient */ = {
			isa = PBXNativeTarget;
			buildConfigurationList = 716A9746160B6BE70019B3E0 /* Build configuration list for PBXNativeTarget "JFOperationClient" */;
			buildPhases = (
				716A971D160B6BE70019B3E0 /* Sources */,
				716A971E160B6BE70019B3E0 /* Frameworks */,
				716A971F160B6BE70019B3E0 /* Resources */,
			);
			buildRules = (
			);
			dependencies = (
			);
			name = JFOperationClient;
			productName = JFOperationClient;
			productReference = 716A9721160B6BE70019B3E0 /* JFOperationClient.app */;
			productType = "com.apple.product-type.application";
		};
		716A9736160B6BE70019B3E0 /* JFOperationClientTests */ = {
			isa = PBXNativeTarget;
			buildConfigurationList = 716A9749160B6BE70019B3E0 /* Build configuration list for PBXNativeTarget "JFOperationClientTests" */;
			buildPhases = (
				716A9732160B6BE70019B3E0 /* Sources */,
				716A9733160B6BE70019B3E0 /* Frameworks */,
				716A9734160B6BE70019B3E0 /* Resources */,
				716A9735160B6BE70019B3E0 /* ShellScript */,
			);
			buildRules = (
			);
			dependencies = (
				716A973C160B6BE70019B3E0 /* PBXTargetDependency */,
			);
			name = JFOperationClientTests;
			productName = JFOperationClientTests;
			productReference = 716A9737160B6BE70019B3E0 /* JFOperationClientTests.octest */;
			productType = "com.apple.product-type.bundle";
		};
		7173DCC2160A2A5A003F6923 /* JFOperationSpecs */ = {
			isa = PBXNativeTarget;
			buildConfigurationList = 7173DCD1160A2A5A003F6923 /* Build configuration list for PBXNativeTarget "JFOperationSpecs" */;
			buildPhases = (
				7173DCBE160A2A5A003F6923 /* Sources */,
				7173DCBF160A2A5A003F6923 /* Frameworks */,
				7173DCC0160A2A5A003F6923 /* Resources */,
				7173DCC1160A2A5A003F6923 /* ShellScript */,
			);
			buildRules = (
			);
			dependencies = (
			);
			name = JFOperationSpecs;
			productName = JFOperationSpecs;
			productReference = 7173DCC3160A2A5A003F6923 /* JFOperationSpecs.octest */;
			productType = "com.apple.product-type.bundle";
		};
		71945BB0150F7D2D00F4A407 /* JFOperation */ = {
			isa = PBXNativeTarget;
			buildConfigurationList = 71945BD5150F7D2D00F4A407 /* Build configuration list for PBXNativeTarget "JFOperation" */;
			buildPhases = (
				71945BAD150F7D2D00F4A407 /* Sources */,
				71945BAE150F7D2D00F4A407 /* Frameworks */,
				71945BAF150F7D2D00F4A407 /* Headers */,
			);
			buildRules = (
			);
			dependencies = (
			);
			name = JFOperation;
			productName = JFOperation;
			productReference = 71945BB1150F7D2D00F4A407 /* libJFOperation.a */;
			productType = "com.apple.product-type.library.static";
		};
/* End PBXNativeTarget section */

/* Begin PBXProject section */
		71945BA8150F7D2D00F4A407 /* Project object */ = {
			isa = PBXProject;
			attributes = {
				LastUpgradeCheck = 0420;
				ORGANIZATIONNAME = C6;
			};
			buildConfigurationList = 71945BAB150F7D2D00F4A407 /* Build configuration list for PBXProject "JFOperation" */;
			compatibilityVersion = "Xcode 3.2";
			developmentRegion = English;
			hasScannedForEncodings = 0;
			knownRegions = (
				en,
			);
			mainGroup = 71945BA6150F7D2D00F4A407;
			productRefGroup = 71945BB2150F7D2D00F4A407 /* Products */;
			projectDirPath = "";
			projectRoot = "";
			targets = (
				71945BB0150F7D2D00F4A407 /* JFOperation */,
				7173DCC2160A2A5A003F6923 /* JFOperationSpecs */,
				716A9720160B6BE70019B3E0 /* JFOperationClient */,
				716A9736160B6BE70019B3E0 /* JFOperationClientTests */,
			);
		};
/* End PBXProject section */

/* Begin PBXResourcesBuildPhase section */
		716A971F160B6BE70019B3E0 /* Resources */ = {
			isa = PBXResourcesBuildPhase;
			buildActionMask = 2147483647;
			files = (
				716A972B160B6BE70019B3E0 /* InfoPlist.strings in Resources */,
			);
			runOnlyForDeploymentPostprocessing = 0;
		};
		716A9734160B6BE70019B3E0 /* Resources */ = {
			isa = PBXResourcesBuildPhase;
			buildActionMask = 2147483647;
			files = (
				716A9742160B6BE70019B3E0 /* InfoPlist.strings in Resources */,
			);
			runOnlyForDeploymentPostprocessing = 0;
		};
		7173DCC0160A2A5A003F6923 /* Resources */ = {
			isa = PBXResourcesBuildPhase;
			buildActionMask = 2147483647;
			files = (
				7173DCCC160A2A5A003F6923 /* InfoPlist.strings in Resources */,
			);
			runOnlyForDeploymentPostprocessing = 0;
		};
/* End PBXResourcesBuildPhase section */

/* Begin PBXShellScriptBuildPhase section */
		716A9735160B6BE70019B3E0 /* ShellScript */ = {
			isa = PBXShellScriptBuildPhase;
			buildActionMask = 2147483647;
			files = (
			);
			inputPaths = (
			);
			outputPaths = (
			);
			runOnlyForDeploymentPostprocessing = 0;
			shellPath = /bin/sh;
			shellScript = "# Run the unit tests in this test bundle.\n\"${SYSTEM_DEVELOPER_DIR}/Tools/RunUnitTests\"\n";
		};
		7173DCC1160A2A5A003F6923 /* ShellScript */ = {
			isa = PBXShellScriptBuildPhase;
			buildActionMask = 2147483647;
			files = (
			);
			inputPaths = (
			);
			outputPaths = (
			);
			runOnlyForDeploymentPostprocessing = 0;
			shellPath = /bin/sh;
			shellScript = "# Run the unit tests in this test bundle.\n\"${SYSTEM_DEVELOPER_DIR}/Tools/RunUnitTests\"\n";
		};
/* End PBXShellScriptBuildPhase section */

/* Begin PBXSourcesBuildPhase section */
		716A971D160B6BE70019B3E0 /* Sources */ = {
			isa = PBXSourcesBuildPhase;
			buildActionMask = 2147483647;
			files = (
				716A972D160B6BE70019B3E0 /* main.m in Sources */,
				716A9731160B6BE70019B3E0 /* AppDelegate.m in Sources */,
				716A974C160B6C030019B3E0 /* JFOperation.m in Sources */,
			);
			runOnlyForDeploymentPostprocessing = 0;
		};
		716A9732160B6BE70019B3E0 /* Sources */ = {
			isa = PBXSourcesBuildPhase;
			buildActionMask = 2147483647;
			files = (
				716A9745160B6BE70019B3E0 /* JFOperationClientTests.m in Sources */,
			);
			runOnlyForDeploymentPostprocessing = 0;
		};
		7173DCBE160A2A5A003F6923 /* Sources */ = {
			isa = PBXSourcesBuildPhase;
			buildActionMask = 2147483647;
			files = (
				7173DCD6160A2AD8003F6923 /* JFOperationSpecs.m in Sources */,
				7173DCD9160A2DF3003F6923 /* JFTestOperation.m in Sources */,
				7173DCDA160A2DFE003F6923 /* JFOperation.m in Sources */,
			);
			runOnlyForDeploymentPostprocessing = 0;
		};
		71945BAD150F7D2D00F4A407 /* Sources */ = {
			isa = PBXSourcesBuildPhase;
			buildActionMask = 2147483647;
			files = (
				71945BBB150F7D2D00F4A407 /* JFOperation.m in Sources */,
			);
			runOnlyForDeploymentPostprocessing = 0;
		};
/* End PBXSourcesBuildPhase section */

/* Begin PBXTargetDependency section */
		716A973C160B6BE70019B3E0 /* PBXTargetDependency */ = {
			isa = PBXTargetDependency;
			target = 716A9720160B6BE70019B3E0 /* JFOperationClient */;
			targetProxy = 716A973B160B6BE70019B3E0 /* PBXContainerItemProxy */;
		};
/* End PBXTargetDependency section */

/* Begin PBXVariantGroup section */
		716A9729160B6BE70019B3E0 /* InfoPlist.strings */ = {
			isa = PBXVariantGroup;
			children = (
				716A972A160B6BE70019B3E0 /* en */,
			);
			name = InfoPlist.strings;
			sourceTree = "<group>";
		};
		716A9740160B6BE70019B3E0 /* InfoPlist.strings */ = {
			isa = PBXVariantGroup;
			children = (
				716A9741160B6BE70019B3E0 /* en */,
			);
			name = InfoPlist.strings;
			sourceTree = "<group>";
		};
		7173DCCA160A2A5A003F6923 /* InfoPlist.strings */ = {
			isa = PBXVariantGroup;
			children = (
				7173DCCB160A2A5A003F6923 /* en */,
			);
			name = InfoPlist.strings;
			sourceTree = "<group>";
		};
/* End PBXVariantGroup section */

/* Begin XCBuildConfiguration section */
		716A9747160B6BE70019B3E0 /* Debug */ = {
			isa = XCBuildConfiguration;
			buildSettings = {
				CLANG_CXX_LANGUAGE_STANDARD = "gnu++0x";
				CLANG_CXX_LIBRARY = "libc++";
				CLANG_WARN__DUPLICATE_METHOD_MATCH = YES;
				"CODE_SIGN_IDENTITY[sdk=iphoneos*]" = "iPhone Developer";
				FRAMEWORK_SEARCH_PATHS = (
					"$(inherited)",
					"\"$(SYSTEM_APPS_DIR)/Xcode45-DP4.app/Contents/Developer/Library/Frameworks\"",
				);
				GCC_PRECOMPILE_PREFIX_HEADER = YES;
				GCC_PREFIX_HEADER = "JFOperationClient/JFOperationClient-Prefix.pch";
				GCC_WARN_UNINITIALIZED_AUTOS = YES;
				INFOPLIST_FILE = "JFOperationClient/JFOperationClient-Info.plist";
				IPHONEOS_DEPLOYMENT_TARGET = 6.0;
				PRODUCT_NAME = "$(TARGET_NAME)";
				TARGETED_DEVICE_FAMILY = 2;
				WRAPPER_EXTENSION = app;
			};
			name = Debug;
		};
		716A9748160B6BE70019B3E0 /* Release */ = {
			isa = XCBuildConfiguration;
			buildSettings = {
				CLANG_CXX_LANGUAGE_STANDARD = "gnu++0x";
				CLANG_CXX_LIBRARY = "libc++";
				CLANG_WARN__DUPLICATE_METHOD_MATCH = YES;
				"CODE_SIGN_IDENTITY[sdk=iphoneos*]" = "iPhone Developer";
				FRAMEWORK_SEARCH_PATHS = (
					"$(inherited)",
					"\"$(SYSTEM_APPS_DIR)/Xcode45-DP4.app/Contents/Developer/Library/Frameworks\"",
				);
				GCC_PRECOMPILE_PREFIX_HEADER = YES;
				GCC_PREFIX_HEADER = "JFOperationClient/JFOperationClient-Prefix.pch";
				GCC_WARN_UNINITIALIZED_AUTOS = YES;
				INFOPLIST_FILE = "JFOperationClient/JFOperationClient-Info.plist";
				IPHONEOS_DEPLOYMENT_TARGET = 6.0;
				OTHER_CFLAGS = "-DNS_BLOCK_ASSERTIONS=1";
				PRODUCT_NAME = "$(TARGET_NAME)";
				TARGETED_DEVICE_FAMILY = 2;
				WRAPPER_EXTENSION = app;
			};
			name = Release;
		};
		716A974A160B6BE70019B3E0 /* Debug */ = {
			isa = XCBuildConfiguration;
			buildSettings = {
				BUNDLE_LOADER = "$(BUILT_PRODUCTS_DIR)/JFOperationClient.app/JFOperationClient";
				CLANG_CXX_LANGUAGE_STANDARD = "gnu++0x";
				CLANG_CXX_LIBRARY = "libc++";
				CLANG_WARN__DUPLICATE_METHOD_MATCH = YES;
				FRAMEWORK_SEARCH_PATHS = (
					"\"$(SDKROOT)/Developer/Library/Frameworks\"",
					"\"$(DEVELOPER_LIBRARY_DIR)/Frameworks\"",
				);
				GCC_PRECOMPILE_PREFIX_HEADER = YES;
				GCC_PREFIX_HEADER = "JFOperationClient/JFOperationClient-Prefix.pch";
				GCC_WARN_UNINITIALIZED_AUTOS = YES;
				INFOPLIST_FILE = "JFOperationClientTests/JFOperationClientTests-Info.plist";
				IPHONEOS_DEPLOYMENT_TARGET = 6.0;
				PRODUCT_NAME = "$(TARGET_NAME)";
				TEST_HOST = "$(BUNDLE_LOADER)";
				WRAPPER_EXTENSION = octest;
			};
			name = Debug;
		};
		716A974B160B6BE70019B3E0 /* Release */ = {
			isa = XCBuildConfiguration;
			buildSettings = {
				BUNDLE_LOADER = "$(BUILT_PRODUCTS_DIR)/JFOperationClient.app/JFOperationClient";
				CLANG_CXX_LANGUAGE_STANDARD = "gnu++0x";
				CLANG_CXX_LIBRARY = "libc++";
				CLANG_WARN__DUPLICATE_METHOD_MATCH = YES;
				FRAMEWORK_SEARCH_PATHS = (
					"\"$(SDKROOT)/Developer/Library/Frameworks\"",
					"\"$(DEVELOPER_LIBRARY_DIR)/Frameworks\"",
				);
				GCC_PRECOMPILE_PREFIX_HEADER = YES;
				GCC_PREFIX_HEADER = "JFOperationClient/JFOperationClient-Prefix.pch";
				GCC_WARN_UNINITIALIZED_AUTOS = YES;
				INFOPLIST_FILE = "JFOperationClientTests/JFOperationClientTests-Info.plist";
				IPHONEOS_DEPLOYMENT_TARGET = 6.0;
				PRODUCT_NAME = "$(TARGET_NAME)";
				TEST_HOST = "$(BUNDLE_LOADER)";
				WRAPPER_EXTENSION = octest;
			};
			name = Release;
		};
		7173DCD2160A2A5A003F6923 /* Debug */ = {
			isa = XCBuildConfiguration;
			buildSettings = {
				CLANG_CXX_LANGUAGE_STANDARD = "gnu++0x";
				CLANG_CXX_LIBRARY = "libc++";
				CLANG_WARN__DUPLICATE_METHOD_MATCH = YES;
				FRAMEWORK_SEARCH_PATHS = (
					"\"$(SDKROOT)/Developer/Library/Frameworks\"",
					"\"$(DEVELOPER_LIBRARY_DIR)/Frameworks\"",
				);
				GCC_PRECOMPILE_PREFIX_HEADER = YES;
				GCC_PREFIX_HEADER = "JFOperationSpecs/JFOperationSpecs-Prefix.pch";
				GCC_WARN_UNINITIALIZED_AUTOS = YES;
				HEADER_SEARCH_PATHS = "$(SOURCE_ROOT)/Frameworks/Kiwi/Kiwi";
				INFOPLIST_FILE = "JFOperationSpecs/JFOperationSpecs-Info.plist";
				IPHONEOS_DEPLOYMENT_TARGET = 6.0;
				OTHER_LDFLAGS = "-all_load";
				PRODUCT_NAME = "$(TARGET_NAME)";
				WRAPPER_EXTENSION = octest;
			};
			name = Debug;
		};
		7173DCD3160A2A5A003F6923 /* Release */ = {
			isa = XCBuildConfiguration;
			buildSettings = {
				CLANG_CXX_LANGUAGE_STANDARD = "gnu++0x";
				CLANG_CXX_LIBRARY = "libc++";
				CLANG_WARN__DUPLICATE_METHOD_MATCH = YES;
				FRAMEWORK_SEARCH_PATHS = (
					"\"$(SDKROOT)/Developer/Library/Frameworks\"",
					"\"$(DEVELOPER_LIBRARY_DIR)/Frameworks\"",
				);
				GCC_PRECOMPILE_PREFIX_HEADER = YES;
				GCC_PREFIX_HEADER = "JFOperationSpecs/JFOperationSpecs-Prefix.pch";
				GCC_WARN_UNINITIALIZED_AUTOS = YES;
				HEADER_SEARCH_PATHS = "$(SOURCE_ROOT)/Frameworks/Kiwi/Kiwi";
				INFOPLIST_FILE = "JFOperationSpecs/JFOperationSpecs-Info.plist";
				IPHONEOS_DEPLOYMENT_TARGET = 6.0;
				OTHER_LDFLAGS = "-all_load";
				PRODUCT_NAME = "$(TARGET_NAME)";
				WRAPPER_EXTENSION = octest;
			};
			name = Release;
		};
		71945BD3150F7D2D00F4A407 /* Debug */ = {
			isa = XCBuildConfiguration;
			buildSettings = {
				ALWAYS_SEARCH_USER_PATHS = NO;
				ARCHS = "$(ARCHS_STANDARD_32_BIT)";
				CLANG_ENABLE_OBJC_ARC = YES;
				COPY_PHASE_STRIP = NO;
				GCC_C_LANGUAGE_STANDARD = gnu99;
				GCC_DYNAMIC_NO_PIC = NO;
				GCC_OPTIMIZATION_LEVEL = 0;
				GCC_PREPROCESSOR_DEFINITIONS = (
					"DEBUG=1",
					"$(inherited)",
				);
				GCC_SYMBOLS_PRIVATE_EXTERN = NO;
				GCC_VERSION = com.apple.compilers.llvm.clang.1_0;
				GCC_WARN_ABOUT_MISSING_PROTOTYPES = YES;
				GCC_WARN_ABOUT_RETURN_TYPE = YES;
				GCC_WARN_UNUSED_VARIABLE = YES;
				IPHONEOS_DEPLOYMENT_TARGET = 5.0;
				SDKROOT = iphoneos;
			};
			name = Debug;
		};
		71945BD4150F7D2D00F4A407 /* Release */ = {
			isa = XCBuildConfiguration;
			buildSettings = {
				ALWAYS_SEARCH_USER_PATHS = NO;
				ARCHS = "$(ARCHS_STANDARD_32_BIT)";
				CLANG_ENABLE_OBJC_ARC = YES;
				COPY_PHASE_STRIP = YES;
				GCC_C_LANGUAGE_STANDARD = gnu99;
				GCC_VERSION = com.apple.compilers.llvm.clang.1_0;
				GCC_WARN_ABOUT_MISSING_PROTOTYPES = YES;
				GCC_WARN_ABOUT_RETURN_TYPE = YES;
				GCC_WARN_UNUSED_VARIABLE = YES;
				IPHONEOS_DEPLOYMENT_TARGET = 5.0;
				SDKROOT = iphoneos;
				VALIDATE_PRODUCT = YES;
			};
			name = Release;
		};
		71945BD6150F7D2D00F4A407 /* Debug */ = {
			isa = XCBuildConfiguration;
			buildSettings = {
				DSTROOT = /tmp/JFOperation.dst;
				GCC_PRECOMPILE_PREFIX_HEADER = YES;
				GCC_PREFIX_HEADER = "JFOperation/JFOperation-Prefix.pch";
				OTHER_LDFLAGS = "-ObjC";
				PRODUCT_NAME = "$(TARGET_NAME)";
				SKIP_INSTALL = YES;
			};
			name = Debug;
		};
		71945BD7150F7D2D00F4A407 /* Release */ = {
			isa = XCBuildConfiguration;
			buildSettings = {
				DSTROOT = /tmp/JFOperation.dst;
				GCC_PRECOMPILE_PREFIX_HEADER = YES;
				GCC_PREFIX_HEADER = "JFOperation/JFOperation-Prefix.pch";
				OTHER_LDFLAGS = "-ObjC";
				PRODUCT_NAME = "$(TARGET_NAME)";
				SKIP_INSTALL = YES;
			};
			name = Release;
		};
/* End XCBuildConfiguration section */

/* Begin XCConfigurationList section */
		716A9746160B6BE70019B3E0 /* Build configuration list for PBXNativeTarget "JFOperationClient" */ = {
			isa = XCConfigurationList;
			buildConfigurations = (
				716A9747160B6BE70019B3E0 /* Debug */,
				716A9748160B6BE70019B3E0 /* Release */,
			);
			defaultConfigurationIsVisible = 0;
		};
		716A9749160B6BE70019B3E0 /* Build configuration list for PBXNativeTarget "JFOperationClientTests" */ = {
			isa = XCConfigurationList;
			buildConfigurations = (
				716A974A160B6BE70019B3E0 /* Debug */,
				716A974B160B6BE70019B3E0 /* Release */,
			);
			defaultConfigurationIsVisible = 0;
		};
		7173DCD1160A2A5A003F6923 /* Build configuration list for PBXNativeTarget "JFOperationSpecs" */ = {
			isa = XCConfigurationList;
			buildConfigurations = (
				7173DCD2160A2A5A003F6923 /* Debug */,
				7173DCD3160A2A5A003F6923 /* Release */,
			);
			defaultConfigurationIsVisible = 0;
			defaultConfigurationName = Release;
		};
		71945BAB150F7D2D00F4A407 /* Build configuration list for PBXProject "JFOperation" */ = {
			isa = XCConfigurationList;
			buildConfigurations = (
				71945BD3150F7D2D00F4A407 /* Debug */,
				71945BD4150F7D2D00F4A407 /* Release */,
			);
			defaultConfigurationIsVisible = 0;
			defaultConfigurationName = Release;
		};
		71945BD5150F7D2D00F4A407 /* Build configuration list for PBXNativeTarget "JFOperation" */ = {
			isa = XCConfigurationList;
			buildConfigurations = (
				71945BD6150F7D2D00F4A407 /* Debug */,
				71945BD7150F7D2D00F4A407 /* Release */,
			);
			defaultConfigurationIsVisible = 0;
			defaultConfigurationName = Release;
		};
/* End XCConfigurationList section */
	};
	rootObject = 71945BA8150F7D2D00F4A407 /* Project object */;
}
