// !$*UTF8*$!
{
	archiveVersion = 1;
	classes = {
	};
	objectVersion = 46;
	objects = {

/* Begin PBXBuildFile section */
		71945BB5150F7D2D00F4A407 /* Foundation.framework in Frameworks */ = {isa = PBXBuildFile; fileRef = 71945BB4150F7D2D00F4A407 /* Foundation.framework */; };
		71945BBB150F7D2D00F4A407 /* JFOperation.m in Sources */ = {isa = PBXBuildFile; fileRef = 71945BBA150F7D2D00F4A407 /* JFOperation.m */; };
		71945BC3150F7D2D00F4A407 /* SenTestingKit.framework in Frameworks */ = {isa = PBXBuildFile; fileRef = 71945BC2150F7D2D00F4A407 /* SenTestingKit.framework */; };
		71945BC6150F7D2D00F4A407 /* Foundation.framework in Frameworks */ = {isa = PBXBuildFile; fileRef = 71945BB4150F7D2D00F4A407 /* Foundation.framework */; };
		71945BC9150F7D2D00F4A407 /* libJFOperation.a in Frameworks */ = {isa = PBXBuildFile; fileRef = 71945BB1150F7D2D00F4A407 /* libJFOperation.a */; };
		71945BCF150F7D2D00F4A407 /* InfoPlist.strings in Resources */ = {isa = PBXBuildFile; fileRef = 71945BCD150F7D2D00F4A407 /* InfoPlist.strings */; };
		71945BE1150F7D6000F4A407 /* UIKit.framework in Frameworks */ = {isa = PBXBuildFile; fileRef = 71945BC4150F7D2D00F4A407 /* UIKit.framework */; };
		71945BE2150F7D6000F4A407 /* Foundation.framework in Frameworks */ = {isa = PBXBuildFile; fileRef = 71945BB4150F7D2D00F4A407 /* Foundation.framework */; };
		71945BE4150F7D6000F4A407 /* CoreGraphics.framework in Frameworks */ = {isa = PBXBuildFile; fileRef = 71945BE3150F7D6000F4A407 /* CoreGraphics.framework */; };
		71945BEA150F7D6000F4A407 /* InfoPlist.strings in Resources */ = {isa = PBXBuildFile; fileRef = 71945BE8150F7D6000F4A407 /* InfoPlist.strings */; };
		71945BEC150F7D6000F4A407 /* main.m in Sources */ = {isa = PBXBuildFile; fileRef = 71945BEB150F7D6000F4A407 /* main.m */; };
		71945BF0150F7D6000F4A407 /* JFAppDelegate.m in Sources */ = {isa = PBXBuildFile; fileRef = 71945BEF150F7D6000F4A407 /* JFAppDelegate.m */; };
		71945BF3150F7D6000F4A407 /* JFViewController.m in Sources */ = {isa = PBXBuildFile; fileRef = 71945BF2150F7D6000F4A407 /* JFViewController.m */; };
		71945BF6150F7D6000F4A407 /* JFViewController_iPhone.xib in Resources */ = {isa = PBXBuildFile; fileRef = 71945BF4150F7D6000F4A407 /* JFViewController_iPhone.xib */; };
		71945BF9150F7D6000F4A407 /* JFViewController_iPad.xib in Resources */ = {isa = PBXBuildFile; fileRef = 71945BF7150F7D6000F4A407 /* JFViewController_iPad.xib */; };
		71945BFD150F7D7200F4A407 /* libJFOperation.a in Frameworks */ = {isa = PBXBuildFile; fileRef = 71945BB1150F7D2D00F4A407 /* libJFOperation.a */; };
		71945C02150F7DE600F4A407 /* libKiwi.a in Frameworks */ = {isa = PBXBuildFile; fileRef = 71945C01150F7DE600F4A407 /* libKiwi.a */; };
		71945C04150F7E0000F4A407 /* JFOperationSpec.m in Sources */ = {isa = PBXBuildFile; fileRef = 71945C03150F7E0000F4A407 /* JFOperationSpec.m */; };
/* End PBXBuildFile section */

/* Begin PBXContainerItemProxy section */
		71945BC7150F7D2D00F4A407 /* PBXContainerItemProxy */ = {
			isa = PBXContainerItemProxy;
			containerPortal = 71945BA8150F7D2D00F4A407 /* Project object */;
			proxyType = 1;
			remoteGlobalIDString = 71945BB0150F7D2D00F4A407;
			remoteInfo = JFOperation;
		};
		71945C05150F809300F4A407 /* PBXContainerItemProxy */ = {
			isa = PBXContainerItemProxy;
			containerPortal = 71945BA8150F7D2D00F4A407 /* Project object */;
			proxyType = 1;
			remoteGlobalIDString = 71945BB0150F7D2D00F4A407;
			remoteInfo = JFOperation;
		};
/* End PBXContainerItemProxy section */

/* Begin PBXFileReference section */
		71945BB1150F7D2D00F4A407 /* libJFOperation.a */ = {isa = PBXFileReference; explicitFileType = archive.ar; includeInIndex = 0; path = libJFOperation.a; sourceTree = BUILT_PRODUCTS_DIR; };
		71945BB4150F7D2D00F4A407 /* Foundation.framework */ = {isa = PBXFileReference; lastKnownFileType = wrapper.framework; name = Foundation.framework; path = System/Library/Frameworks/Foundation.framework; sourceTree = SDKROOT; };
		71945BB8150F7D2D00F4A407 /* JFOperation-Prefix.pch */ = {isa = PBXFileReference; lastKnownFileType = sourcecode.c.h; path = "JFOperation-Prefix.pch"; sourceTree = "<group>"; };
		71945BB9150F7D2D00F4A407 /* JFOperation.h */ = {isa = PBXFileReference; lastKnownFileType = sourcecode.c.h; lineEnding = 0; path = JFOperation.h; sourceTree = "<group>"; xcLanguageSpecificationIdentifier = xcode.lang.objcpp; };
		71945BBA150F7D2D00F4A407 /* JFOperation.m */ = {isa = PBXFileReference; lastKnownFileType = sourcecode.c.objc; lineEnding = 0; path = JFOperation.m; sourceTree = "<group>"; xcLanguageSpecificationIdentifier = xcode.lang.objc; };
		71945BC1150F7D2D00F4A407 /* JFOperationTests.octest */ = {isa = PBXFileReference; explicitFileType = wrapper.cfbundle; includeInIndex = 0; path = JFOperationTests.octest; sourceTree = BUILT_PRODUCTS_DIR; };
		71945BC2150F7D2D00F4A407 /* SenTestingKit.framework */ = {isa = PBXFileReference; lastKnownFileType = wrapper.framework; name = SenTestingKit.framework; path = Library/Frameworks/SenTestingKit.framework; sourceTree = DEVELOPER_DIR; };
		71945BC4150F7D2D00F4A407 /* UIKit.framework */ = {isa = PBXFileReference; lastKnownFileType = wrapper.framework; name = UIKit.framework; path = Library/Frameworks/UIKit.framework; sourceTree = DEVELOPER_DIR; };
		71945BCC150F7D2D00F4A407 /* JFOperationTests-Info.plist */ = {isa = PBXFileReference; lastKnownFileType = text.plist.xml; path = "JFOperationTests-Info.plist"; sourceTree = "<group>"; };
		71945BCE150F7D2D00F4A407 /* en */ = {isa = PBXFileReference; lastKnownFileType = text.plist.strings; name = en; path = en.lproj/InfoPlist.strings; sourceTree = "<group>"; };
		71945BDF150F7D6000F4A407 /* JFOperationClient.app */ = {isa = PBXFileReference; explicitFileType = wrapper.application; includeInIndex = 0; path = JFOperationClient.app; sourceTree = BUILT_PRODUCTS_DIR; };
		71945BE3150F7D6000F4A407 /* CoreGraphics.framework */ = {isa = PBXFileReference; lastKnownFileType = wrapper.framework; name = CoreGraphics.framework; path = System/Library/Frameworks/CoreGraphics.framework; sourceTree = SDKROOT; };
		71945BE7150F7D6000F4A407 /* JFOperationClient-Info.plist */ = {isa = PBXFileReference; lastKnownFileType = text.plist.xml; path = "JFOperationClient-Info.plist"; sourceTree = "<group>"; };
		71945BE9150F7D6000F4A407 /* en */ = {isa = PBXFileReference; lastKnownFileType = text.plist.strings; name = en; path = en.lproj/InfoPlist.strings; sourceTree = "<group>"; };
		71945BEB150F7D6000F4A407 /* main.m */ = {isa = PBXFileReference; lastKnownFileType = sourcecode.c.objc; path = main.m; sourceTree = "<group>"; };
		71945BED150F7D6000F4A407 /* JFOperationClient-Prefix.pch */ = {isa = PBXFileReference; lastKnownFileType = sourcecode.c.h; path = "JFOperationClient-Prefix.pch"; sourceTree = "<group>"; };
		71945BEE150F7D6000F4A407 /* JFAppDelegate.h */ = {isa = PBXFileReference; lastKnownFileType = sourcecode.c.h; path = JFAppDelegate.h; sourceTree = "<group>"; };
		71945BEF150F7D6000F4A407 /* JFAppDelegate.m */ = {isa = PBXFileReference; lastKnownFileType = sourcecode.c.objc; path = JFAppDelegate.m; sourceTree = "<group>"; };
		71945BF1150F7D6000F4A407 /* JFViewController.h */ = {isa = PBXFileReference; lastKnownFileType = sourcecode.c.h; path = JFViewController.h; sourceTree = "<group>"; };
		71945BF2150F7D6000F4A407 /* JFViewController.m */ = {isa = PBXFileReference; lastKnownFileType = sourcecode.c.objc; path = JFViewController.m; sourceTree = "<group>"; };
		71945BF5150F7D6000F4A407 /* en */ = {isa = PBXFileReference; lastKnownFileType = file.xib; name = en; path = en.lproj/JFViewController_iPhone.xib; sourceTree = "<group>"; };
		71945BF8150F7D6000F4A407 /* en */ = {isa = PBXFileReference; lastKnownFileType = file.xib; name = en; path = en.lproj/JFViewController_iPad.xib; sourceTree = "<group>"; };
		71945C01150F7DE600F4A407 /* libKiwi.a */ = {isa = PBXFileReference; lastKnownFileType = archive.ar; name = libKiwi.a; path = "../Frameworks/Kiwi/build/Release-iphoneos/libKiwi.a"; sourceTree = "<group>"; };
		71945C03150F7E0000F4A407 /* JFOperationSpec.m */ = {isa = PBXFileReference; fileEncoding = 4; lastKnownFileType = sourcecode.c.objc; path = JFOperationSpec.m; sourceTree = "<group>"; };
/* End PBXFileReference section */

/* Begin PBXFrameworksBuildPhase section */
		71945BAE150F7D2D00F4A407 /* Frameworks */ = {
			isa = PBXFrameworksBuildPhase;
			buildActionMask = 2147483647;
			files = (
				71945BB5150F7D2D00F4A407 /* Foundation.framework in Frameworks */,
			);
			runOnlyForDeploymentPostprocessing = 0;
		};
		71945BBD150F7D2D00F4A407 /* Frameworks */ = {
			isa = PBXFrameworksBuildPhase;
			buildActionMask = 2147483647;
			files = (
				71945BC3150F7D2D00F4A407 /* SenTestingKit.framework in Frameworks */,
				71945BC6150F7D2D00F4A407 /* Foundation.framework in Frameworks */,
				71945C02150F7DE600F4A407 /* libKiwi.a in Frameworks */,
				71945BC9150F7D2D00F4A407 /* libJFOperation.a in Frameworks */,
			);
			runOnlyForDeploymentPostprocessing = 0;
		};
		71945BDC150F7D6000F4A407 /* Frameworks */ = {
			isa = PBXFrameworksBuildPhase;
			buildActionMask = 2147483647;
			files = (
				71945BE1150F7D6000F4A407 /* UIKit.framework in Frameworks */,
				71945BE2150F7D6000F4A407 /* Foundation.framework in Frameworks */,
				71945BE4150F7D6000F4A407 /* CoreGraphics.framework in Frameworks */,
				71945BFD150F7D7200F4A407 /* libJFOperation.a in Frameworks */,
			);
			runOnlyForDeploymentPostprocessing = 0;
		};
/* End PBXFrameworksBuildPhase section */

/* Begin PBXGroup section */
		71945BA6150F7D2D00F4A407 = {
			isa = PBXGroup;
			children = (
				71945BB6150F7D2D00F4A407 /* JFOperation */,
				71945BCA150F7D2D00F4A407 /* JFOperationTests */,
				71945BE5150F7D6000F4A407 /* JFOperationClient */,
				71945BB3150F7D2D00F4A407 /* Frameworks */,
				71945BB2150F7D2D00F4A407 /* Products */,
			);
			sourceTree = "<group>";
		};
		71945BB2150F7D2D00F4A407 /* Products */ = {
			isa = PBXGroup;
			children = (
				71945BB1150F7D2D00F4A407 /* libJFOperation.a */,
				71945BC1150F7D2D00F4A407 /* JFOperationTests.octest */,
				71945BDF150F7D6000F4A407 /* JFOperationClient.app */,
			);
			name = Products;
			sourceTree = "<group>";
		};
		71945BB3150F7D2D00F4A407 /* Frameworks */ = {
			isa = PBXGroup;
			children = (
				71945BB4150F7D2D00F4A407 /* Foundation.framework */,
				71945BC2150F7D2D00F4A407 /* SenTestingKit.framework */,
				71945BC4150F7D2D00F4A407 /* UIKit.framework */,
				71945BE3150F7D6000F4A407 /* CoreGraphics.framework */,
			);
			name = Frameworks;
			sourceTree = "<group>";
		};
		71945BB6150F7D2D00F4A407 /* JFOperation */ = {
			isa = PBXGroup;
			children = (
				71945BB9150F7D2D00F4A407 /* JFOperation.h */,
				71945BBA150F7D2D00F4A407 /* JFOperation.m */,
				71945BB7150F7D2D00F4A407 /* Supporting Files */,
			);
			path = JFOperation;
			sourceTree = "<group>";
		};
		71945BB7150F7D2D00F4A407 /* Supporting Files */ = {
			isa = PBXGroup;
			children = (
				71945BB8150F7D2D00F4A407 /* JFOperation-Prefix.pch */,
			);
			name = "Supporting Files";
			sourceTree = "<group>";
		};
		71945BCA150F7D2D00F4A407 /* JFOperationTests */ = {
			isa = PBXGroup;
			children = (
				71945BCB150F7D2D00F4A407 /* Supporting Files */,
				71945C03150F7E0000F4A407 /* JFOperationSpec.m */,
			);
			path = JFOperationTests;
			sourceTree = "<group>";
		};
		71945BCB150F7D2D00F4A407 /* Supporting Files */ = {
			isa = PBXGroup;
			children = (
				71945C01150F7DE600F4A407 /* libKiwi.a */,
				71945BCC150F7D2D00F4A407 /* JFOperationTests-Info.plist */,
				71945BCD150F7D2D00F4A407 /* InfoPlist.strings */,
			);
			name = "Supporting Files";
			sourceTree = "<group>";
		};
		71945BE5150F7D6000F4A407 /* JFOperationClient */ = {
			isa = PBXGroup;
			children = (
				71945BEE150F7D6000F4A407 /* JFAppDelegate.h */,
				71945BEF150F7D6000F4A407 /* JFAppDelegate.m */,
				71945BF1150F7D6000F4A407 /* JFViewController.h */,
				71945BF2150F7D6000F4A407 /* JFViewController.m */,
				71945BF4150F7D6000F4A407 /* JFViewController_iPhone.xib */,
				71945BF7150F7D6000F4A407 /* JFViewController_iPad.xib */,
				71945BE6150F7D6000F4A407 /* Supporting Files */,
			);
			path = JFOperationClient;
			sourceTree = "<group>";
		};
		71945BE6150F7D6000F4A407 /* Supporting Files */ = {
			isa = PBXGroup;
			children = (
				71945BE7150F7D6000F4A407 /* JFOperationClient-Info.plist */,
				71945BE8150F7D6000F4A407 /* InfoPlist.strings */,
				71945BEB150F7D6000F4A407 /* main.m */,
				71945BED150F7D6000F4A407 /* JFOperationClient-Prefix.pch */,
			);
			name = "Supporting Files";
			sourceTree = "<group>";
		};
/* End PBXGroup section */

/* Begin PBXHeadersBuildPhase section */
		71945BAF150F7D2D00F4A407 /* Headers */ = {
			isa = PBXHeadersBuildPhase;
			buildActionMask = 2147483647;
			files = (
			);
			runOnlyForDeploymentPostprocessing = 0;
		};
/* End PBXHeadersBuildPhase section */

/* Begin PBXNativeTarget section */
		71945BB0150F7D2D00F4A407 /* JFOperation */ = {
			isa = PBXNativeTarget;
			buildConfigurationList = 71945BD5150F7D2D00F4A407 /* Build configuration list for PBXNativeTarget "JFOperation" */;
			buildPhases = (
				71945BAD150F7D2D00F4A407 /* Sources */,
				71945BAE150F7D2D00F4A407 /* Frameworks */,
				71945BAF150F7D2D00F4A407 /* Headers */,
			);
			buildRules = (
			);
			dependencies = (
			);
			name = JFOperation;
			productName = JFOperation;
			productReference = 71945BB1150F7D2D00F4A407 /* libJFOperation.a */;
			productType = "com.apple.product-type.library.static";
		};
		71945BC0150F7D2D00F4A407 /* JFOperationTests */ = {
			isa = PBXNativeTarget;
			buildConfigurationList = 71945BD8150F7D2D00F4A407 /* Build configuration list for PBXNativeTarget "JFOperationTests" */;
			buildPhases = (
				71945BBC150F7D2D00F4A407 /* Sources */,
				71945BBD150F7D2D00F4A407 /* Frameworks */,
				71945BBE150F7D2D00F4A407 /* Resources */,
				71945BBF150F7D2D00F4A407 /* ShellScript */,
			);
			buildRules = (
			);
			dependencies = (
				71945BC8150F7D2D00F4A407 /* PBXTargetDependency */,
			);
			name = JFOperationTests;
			productName = JFOperationTests;
			productReference = 71945BC1150F7D2D00F4A407 /* JFOperationTests.octest */;
			productType = "com.apple.product-type.bundle";
		};
		71945BDE150F7D6000F4A407 /* JFOperationClient */ = {
			isa = PBXNativeTarget;
			buildConfigurationList = 71945BFA150F7D6000F4A407 /* Build configuration list for PBXNativeTarget "JFOperationClient" */;
			buildPhases = (
				71945BDB150F7D6000F4A407 /* Sources */,
				71945BDC150F7D6000F4A407 /* Frameworks */,
				71945BDD150F7D6000F4A407 /* Resources */,
			);
			buildRules = (
			);
			dependencies = (
				71945C06150F809300F4A407 /* PBXTargetDependency */,
			);
			name = JFOperationClient;
			productName = JFOperationClient;
			productReference = 71945BDF150F7D6000F4A407 /* JFOperationClient.app */;
			productType = "com.apple.product-type.application";
		};
/* End PBXNativeTarget section */

/* Begin PBXProject section */
		71945BA8150F7D2D00F4A407 /* Project object */ = {
			isa = PBXProject;
			attributes = {
				LastUpgradeCheck = 0420;
				ORGANIZATIONNAME = C6;
			};
			buildConfigurationList = 71945BAB150F7D2D00F4A407 /* Build configuration list for PBXProject "JFOperation" */;
			compatibilityVersion = "Xcode 3.2";
			developmentRegion = English;
			hasScannedForEncodings = 0;
			knownRegions = (
				en,
			);
			mainGroup = 71945BA6150F7D2D00F4A407;
			productRefGroup = 71945BB2150F7D2D00F4A407 /* Products */;
			projectDirPath = "";
			projectRoot = "";
			targets = (
				71945BDE150F7D6000F4A407 /* JFOperationClient */,
				71945BB0150F7D2D00F4A407 /* JFOperation */,
				71945BC0150F7D2D00F4A407 /* JFOperationTests */,
			);
		};
/* End PBXProject section */

/* Begin PBXResourcesBuildPhase section */
		71945BBE150F7D2D00F4A407 /* Resources */ = {
			isa = PBXResourcesBuildPhase;
			buildActionMask = 2147483647;
			files = (
				71945BCF150F7D2D00F4A407 /* InfoPlist.strings in Resources */,
			);
			runOnlyForDeploymentPostprocessing = 0;
		};
		71945BDD150F7D6000F4A407 /* Resources */ = {
			isa = PBXResourcesBuildPhase;
			buildActionMask = 2147483647;
			files = (
				71945BEA150F7D6000F4A407 /* InfoPlist.strings in Resources */,
				71945BF6150F7D6000F4A407 /* JFViewController_iPhone.xib in Resources */,
				71945BF9150F7D6000F4A407 /* JFViewController_iPad.xib in Resources */,
			);
			runOnlyForDeploymentPostprocessing = 0;
		};
/* End PBXResourcesBuildPhase section */

/* Begin PBXShellScriptBuildPhase section */
		71945BBF150F7D2D00F4A407 /* ShellScript */ = {
			isa = PBXShellScriptBuildPhase;
			buildActionMask = 2147483647;
			files = (
			);
			inputPaths = (
			);
			outputPaths = (
			);
			runOnlyForDeploymentPostprocessing = 0;
			shellPath = /bin/sh;
			shellScript = "# Run the unit tests in this test bundle.\n\"${SYSTEM_DEVELOPER_DIR}/Tools/RunUnitTests\"\n";
		};
/* End PBXShellScriptBuildPhase section */

/* Begin PBXSourcesBuildPhase section */
		71945BAD150F7D2D00F4A407 /* Sources */ = {
			isa = PBXSourcesBuildPhase;
			buildActionMask = 2147483647;
			files = (
				71945BBB150F7D2D00F4A407 /* JFOperation.m in Sources */,
			);
			runOnlyForDeploymentPostprocessing = 0;
		};
		71945BBC150F7D2D00F4A407 /* Sources */ = {
			isa = PBXSourcesBuildPhase;
			buildActionMask = 2147483647;
			files = (
				71945C04150F7E0000F4A407 /* JFOperationSpec.m in Sources */,
			);
			runOnlyForDeploymentPostprocessing = 0;
		};
		71945BDB150F7D6000F4A407 /* Sources */ = {
			isa = PBXSourcesBuildPhase;
			buildActionMask = 2147483647;
			files = (
				71945BEC150F7D6000F4A407 /* main.m in Sources */,
				71945BF0150F7D6000F4A407 /* JFAppDelegate.m in Sources */,
				71945BF3150F7D6000F4A407 /* JFViewController.m in Sources */,
			);
			runOnlyForDeploymentPostprocessing = 0;
		};
/* End PBXSourcesBuildPhase section */

/* Begin PBXTargetDependency section */
		71945BC8150F7D2D00F4A407 /* PBXTargetDependency */ = {
			isa = PBXTargetDependency;
			target = 71945BB0150F7D2D00F4A407 /* JFOperation */;
			targetProxy = 71945BC7150F7D2D00F4A407 /* PBXContainerItemProxy */;
		};
		71945C06150F809300F4A407 /* PBXTargetDependency */ = {
			isa = PBXTargetDependency;
			target = 71945BB0150F7D2D00F4A407 /* JFOperation */;
			targetProxy = 71945C05150F809300F4A407 /* PBXContainerItemProxy */;
		};
/* End PBXTargetDependency section */

/* Begin PBXVariantGroup section */
		71945BCD150F7D2D00F4A407 /* InfoPlist.strings */ = {
			isa = PBXVariantGroup;
			children = (
				71945BCE150F7D2D00F4A407 /* en */,
			);
			name = InfoPlist.strings;
			sourceTree = "<group>";
		};
		71945BE8150F7D6000F4A407 /* InfoPlist.strings */ = {
			isa = PBXVariantGroup;
			children = (
				71945BE9150F7D6000F4A407 /* en */,
			);
			name = InfoPlist.strings;
			sourceTree = "<group>";
		};
		71945BF4150F7D6000F4A407 /* JFViewController_iPhone.xib */ = {
			isa = PBXVariantGroup;
			children = (
				71945BF5150F7D6000F4A407 /* en */,
			);
			name = JFViewController_iPhone.xib;
			sourceTree = "<group>";
		};
		71945BF7150F7D6000F4A407 /* JFViewController_iPad.xib */ = {
			isa = PBXVariantGroup;
			children = (
				71945BF8150F7D6000F4A407 /* en */,
			);
			name = JFViewController_iPad.xib;
			sourceTree = "<group>";
		};
/* End PBXVariantGroup section */

/* Begin XCBuildConfiguration section */
		71945BD3150F7D2D00F4A407 /* Debug */ = {
			isa = XCBuildConfiguration;
			buildSettings = {
				ALWAYS_SEARCH_USER_PATHS = NO;
				ARCHS = "$(ARCHS_STANDARD_32_BIT)";
				CLANG_ENABLE_OBJC_ARC = YES;
				COPY_PHASE_STRIP = NO;
				GCC_C_LANGUAGE_STANDARD = gnu99;
				GCC_DYNAMIC_NO_PIC = NO;
				GCC_OPTIMIZATION_LEVEL = 0;
				GCC_PREPROCESSOR_DEFINITIONS = (
					"DEBUG=1",
					"$(inherited)",
				);
				GCC_SYMBOLS_PRIVATE_EXTERN = NO;
				GCC_VERSION = com.apple.compilers.llvm.clang.1_0;
				GCC_WARN_ABOUT_MISSING_PROTOTYPES = YES;
				GCC_WARN_ABOUT_RETURN_TYPE = YES;
				GCC_WARN_UNUSED_VARIABLE = YES;
				IPHONEOS_DEPLOYMENT_TARGET = 5.0;
				SDKROOT = iphoneos;
			};
			name = Debug;
		};
		71945BD4150F7D2D00F4A407 /* Release */ = {
			isa = XCBuildConfiguration;
			buildSettings = {
				ALWAYS_SEARCH_USER_PATHS = NO;
				ARCHS = "$(ARCHS_STANDARD_32_BIT)";
				CLANG_ENABLE_OBJC_ARC = YES;
				COPY_PHASE_STRIP = YES;
				GCC_C_LANGUAGE_STANDARD = gnu99;
				GCC_VERSION = com.apple.compilers.llvm.clang.1_0;
				GCC_WARN_ABOUT_MISSING_PROTOTYPES = YES;
				GCC_WARN_ABOUT_RETURN_TYPE = YES;
				GCC_WARN_UNUSED_VARIABLE = YES;
				IPHONEOS_DEPLOYMENT_TARGET = 5.0;
				SDKROOT = iphoneos;
				VALIDATE_PRODUCT = YES;
			};
			name = Release;
		};
		71945BD6150F7D2D00F4A407 /* Debug */ = {
			isa = XCBuildConfiguration;
			buildSettings = {
				DSTROOT = /tmp/JFOperation.dst;
				GCC_PRECOMPILE_PREFIX_HEADER = YES;
				GCC_PREFIX_HEADER = "JFOperation/JFOperation-Prefix.pch";
				OTHER_LDFLAGS = "-ObjC";
				PRODUCT_NAME = "$(TARGET_NAME)";
				SKIP_INSTALL = YES;
			};
			name = Debug;
		};
		71945BD7150F7D2D00F4A407 /* Release */ = {
			isa = XCBuildConfiguration;
			buildSettings = {
				DSTROOT = /tmp/JFOperation.dst;
				GCC_PRECOMPILE_PREFIX_HEADER = YES;
				GCC_PREFIX_HEADER = "JFOperation/JFOperation-Prefix.pch";
				OTHER_LDFLAGS = "-ObjC";
				PRODUCT_NAME = "$(TARGET_NAME)";
				SKIP_INSTALL = YES;
			};
			name = Release;
		};
		71945BD9150F7D2D00F4A407 /* Debug */ = {
			isa = XCBuildConfiguration;
			buildSettings = {
				FRAMEWORK_SEARCH_PATHS = (
					"$(SDKROOT)/Developer/Library/Frameworks",
					"$(DEVELOPER_LIBRARY_DIR)/Frameworks",
				);
				GCC_PRECOMPILE_PREFIX_HEADER = YES;
				GCC_PREFIX_HEADER = "JFOperation/JFOperation-Prefix.pch";
				HEADER_SEARCH_PATHS = "Frameworks/Kiwi/**";
				INFOPLIST_FILE = "JFOperationTests/JFOperationTests-Info.plist";
				OTHER_LDFLAGS = "-all_load";
				PRODUCT_NAME = "$(TARGET_NAME)";
				USER_HEADER_SEARCH_PATHS = "";
				WRAPPER_EXTENSION = octest;
			};
			name = Debug;
		};
		71945BDA150F7D2D00F4A407 /* Release */ = {
			isa = XCBuildConfiguration;
			buildSettings = {
				FRAMEWORK_SEARCH_PATHS = (
					"$(SDKROOT)/Developer/Library/Frameworks",
					"$(DEVELOPER_LIBRARY_DIR)/Frameworks",
				);
				GCC_PRECOMPILE_PREFIX_HEADER = YES;
				GCC_PREFIX_HEADER = "JFOperation/JFOperation-Prefix.pch";
				HEADER_SEARCH_PATHS = "Frameworks/Kiwi/**";
				INFOPLIST_FILE = "JFOperationTests/JFOperationTests-Info.plist";
				OTHER_LDFLAGS = "-all_load";
				PRODUCT_NAME = "$(TARGET_NAME)";
				USER_HEADER_SEARCH_PATHS = "";
				WRAPPER_EXTENSION = octest;
			};
			name = Release;
		};
		71945BFB150F7D6000F4A407 /* Debug */ = {
			isa = XCBuildConfiguration;
			buildSettings = {
				"CODE_SIGN_IDENTITY[sdk=iphoneos*]" = "iPhone Developer";
				FRAMEWORK_SEARCH_PATHS = (
					"$(inherited)",
					"\"$(DEVELOPER_FRAMEWORKS_DIR)\"",
				);
				GCC_PRECOMPILE_PREFIX_HEADER = YES;
				GCC_PREFIX_HEADER = "JFOperationClient/JFOperationClient-Prefix.pch";
				INFOPLIST_FILE = "JFOperationClient/JFOperationClient-Info.plist";
				PRODUCT_NAME = "$(TARGET_NAME)";
				TARGETED_DEVICE_FAMILY = "1,2";
				WRAPPER_EXTENSION = app;
			};
			name = Debug;
		};
		71945BFC150F7D6000F4A407 /* Release */ = {
			isa = XCBuildConfiguration;
			buildSettings = {
				"CODE_SIGN_IDENTITY[sdk=iphoneos*]" = "iPhone Developer";
				FRAMEWORK_SEARCH_PATHS = (
					"$(inherited)",
					"\"$(DEVELOPER_FRAMEWORKS_DIR)\"",
				);
				GCC_PRECOMPILE_PREFIX_HEADER = YES;
				GCC_PREFIX_HEADER = "JFOperationClient/JFOperationClient-Prefix.pch";
				INFOPLIST_FILE = "JFOperationClient/JFOperationClient-Info.plist";
				OTHER_CFLAGS = "-DNS_BLOCK_ASSERTIONS=1";
				PRODUCT_NAME = "$(TARGET_NAME)";
				TARGETED_DEVICE_FAMILY = "1,2";
				WRAPPER_EXTENSION = app;
			};
			name = Release;
		};
/* End XCBuildConfiguration section */

/* Begin XCConfigurationList section */
		71945BAB150F7D2D00F4A407 /* Build configuration list for PBXProject "JFOperation" */ = {
			isa = XCConfigurationList;
			buildConfigurations = (
				71945BD3150F7D2D00F4A407 /* Debug */,
				71945BD4150F7D2D00F4A407 /* Release */,
			);
			defaultConfigurationIsVisible = 0;
			defaultConfigurationName = Release;
		};
		71945BD5150F7D2D00F4A407 /* Build configuration list for PBXNativeTarget "JFOperation" */ = {
			isa = XCConfigurationList;
			buildConfigurations = (
				71945BD6150F7D2D00F4A407 /* Debug */,
				71945BD7150F7D2D00F4A407 /* Release */,
			);
			defaultConfigurationIsVisible = 0;
		};
		71945BD8150F7D2D00F4A407 /* Build configuration list for PBXNativeTarget "JFOperationTests" */ = {
			isa = XCConfigurationList;
			buildConfigurations = (
				71945BD9150F7D2D00F4A407 /* Debug */,
				71945BDA150F7D2D00F4A407 /* Release */,
			);
			defaultConfigurationIsVisible = 0;
		};
		71945BFA150F7D6000F4A407 /* Build configuration list for PBXNativeTarget "JFOperationClient" */ = {
			isa = XCConfigurationList;
			buildConfigurations = (
				71945BFB150F7D6000F4A407 /* Debug */,
				71945BFC150F7D6000F4A407 /* Release */,
			);
			defaultConfigurationIsVisible = 0;
		};
/* End XCConfigurationList section */
	};
	rootObject = 71945BA8150F7D2D00F4A407 /* Project object */;
}
